
Microsoft Visual Studio Solution File, Format Version 12.00
# Visual Studio Version 17
VisualStudioVersion = 17.6.33829.357
MinimumVisualStudioVersion = 10.0.40219.1
Project("{FAE04EC0-301F-11D3-BF4B-00C04F79EFBC}") = "TurnIUpPortalAutomation", "TurnIUpPortalAutomation.csproj", "{627542E9-09AD-4F91-8EDD-E294B03AB685}"
EndProject
Global
	GlobalSection(SolutionConfigurationPlatforms) = preSolution
		Debug|Any CPU = Debug|Any CPU
		Release|Any CPU = Release|Any CPU
	EndGlobalSection
	GlobalSection(ProjectConfigurationPlatforms) = postSolution
		{627542E9-09AD-4F91-8EDD-E294B03AB685}.Debug|Any CPU.ActiveCfg = Debug|Any CPU
		{627542E9-09AD-4F91-8EDD-E294B03AB685}.Debug|Any CPU.Build.0 = Debug|Any CPU
		{627542E9-09AD-4F91-8EDD-E294B03AB685}.Release|Any CPU.ActiveCfg = Release|Any CPU
		{627542E9-09AD-4F91-8EDD-E294B03AB685}.Release|Any CPU.Build.0 = Release|Any CPU
	EndGlobalSection
	GlobalSection(SolutionProperties) = preSolution
		HideSolutionNode = FALSE
	EndGlobalSection
	GlobalSection(ExtensibilityGlobals) = postSolution
		SolutionGuid = {D5CF4BE1-1B67-42FB-B162-22D77C76740D}
	EndGlobalSection
EndGlobal
